
Microsoft Visual Studio Solution File, Format Version 12.00
# Visual Studio Version 16
VisualStudioVersion = 16.0.32126.315
MinimumVisualStudioVersion = 10.0.40219.1
Project("{FAE04EC0-301F-11D3-BF4B-00C04F79EFBC}") = "WeaponClass", "WeaponClass\WeaponClass.csproj", "{41C911DD-4137-4C2C-83F1-D88BE1E2ACF6}"
EndProject
Global
	GlobalSection(SolutionConfigurationPlatforms) = preSolution
		Debug|Any CPU = Debug|Any CPU
		Release|Any CPU = Release|Any CPU
	EndGlobalSection
	GlobalSection(ProjectConfigurationPlatforms) = postSolution
		{41C911DD-4137-4C2C-83F1-D88BE1E2ACF6}.Debug|Any CPU.ActiveCfg = Debug|Any CPU
		{41C911DD-4137-4C2C-83F1-D88BE1E2ACF6}.Debug|Any CPU.Build.0 = Debug|Any CPU
		{41C911DD-4137-4C2C-83F1-D88BE1E2ACF6}.Release|Any CPU.ActiveCfg = Release|Any CPU
		{41C911DD-4137-4C2C-83F1-D88BE1E2ACF6}.Release|Any CPU.Build.0 = Release|Any CPU
	EndGlobalSection
	GlobalSection(SolutionProperties) = preSolution
		HideSolutionNode = FALSE
	EndGlobalSection
	GlobalSection(ExtensibilityGlobals) = postSolution
		SolutionGuid = {68BE58B0-AC5A-4B14-A5F3-998C4950A45E}
	EndGlobalSection
EndGlobal
